
Microsoft Visual Studio Solution File, Format Version 12.00
# Visual Studio Version 17
VisualStudioVersion = 17.13.35931.197
MinimumVisualStudioVersion = 10.0.40219.1
Project("{FAE04EC0-301F-11D3-BF4B-00C04F79EFBC}") = "ksefLibrary", "ksefLibrary\ksefLibrary.csproj", "{3D277E0D-4EF2-45F3-A773-70B0E37B0968}"
EndProject
Project("{FAE04EC0-301F-11D3-BF4B-00C04F79EFBC}") = "ksefExample", "ksefExample\ksefExample.csproj", "{4C472C2D-4D9E-40BC-8342-5F0423F103CE}"
EndProject
Global
	GlobalSection(SolutionConfigurationPlatforms) = preSolution
		Debug|Any CPU = Debug|Any CPU
		Release|Any CPU = Release|Any CPU
	EndGlobalSection
	GlobalSection(ProjectConfigurationPlatforms) = postSolution
		{3D277E0D-4EF2-45F3-A773-70B0E37B0968}.Debug|Any CPU.ActiveCfg = Debug|Any CPU
		{3D277E0D-4EF2-45F3-A773-70B0E37B0968}.Debug|Any CPU.Build.0 = Debug|Any CPU
		{3D277E0D-4EF2-45F3-A773-70B0E37B0968}.Release|Any CPU.ActiveCfg = Release|Any CPU
		{3D277E0D-4EF2-45F3-A773-70B0E37B0968}.Release|Any CPU.Build.0 = Release|Any CPU
		{4C472C2D-4D9E-40BC-8342-5F0423F103CE}.Debug|Any CPU.ActiveCfg = Debug|Any CPU
		{4C472C2D-4D9E-40BC-8342-5F0423F103CE}.Debug|Any CPU.Build.0 = Debug|Any CPU
		{4C472C2D-4D9E-40BC-8342-5F0423F103CE}.Release|Any CPU.ActiveCfg = Release|Any CPU
		{4C472C2D-4D9E-40BC-8342-5F0423F103CE}.Release|Any CPU.Build.0 = Release|Any CPU
	EndGlobalSection
	GlobalSection(SolutionProperties) = preSolution
		HideSolutionNode = FALSE
	EndGlobalSection
	GlobalSection(ExtensibilityGlobals) = postSolution
		SolutionGuid = {8A263B1A-D264-430F-9A82-FCE20DA16B1C}
	EndGlobalSection
EndGlobal
